
Microsoft Visual Studio Solution File, Format Version 12.00
# Visual Studio Version 16
VisualStudioVersion = 16.0.30523.141
MinimumVisualStudioVersion = 10.0.40219.1
Project("{888888A0-9F3D-457C-B088-3A5042F75D52}") = "Lab1_v27", "Lab1_v27\Lab1_v27.pyproj", "{1DB18ACE-12C4-4357-B9A2-20892ECB3100}"
EndProject
Project("{888888A0-9F3D-457C-B088-3A5042F75D52}") = "Lab2_v1", "Lab2_v1\Lab2_v1.pyproj", "{551E2CAD-7669-4A75-B4A1-E603BE94311A}"
EndProject
Project("{888888A0-9F3D-457C-B088-3A5042F75D52}") = "Lab3_v1", "Lab3_v1\Lab3_v1.pyproj", "{7061822A-8C33-4418-AC0A-0C85E5314A94}"
EndProject
Project("{888888A0-9F3D-457C-B088-3A5042F75D52}") = "Lab5_v9", "Lab5_v9\Lab5_v9.pyproj", "{98CCAD50-C26A-4CA2-825B-42076D37FA3E}"
EndProject
Project("{888888A0-9F3D-457C-B088-3A5042F75D52}") = "Lab6_v27", "Lab6_v27\Lab6_v27.pyproj", "{97A5832F-5D43-47B0-A7B2-827D62AE61AF}"
EndProject
Project("{888888A0-9F3D-457C-B088-3A5042F75D52}") = "Lab9_v27", "Lab9_v27\Lab9_v27.pyproj", "{B303E157-0242-412B-AE01-14F1EAB5C773}"
EndProject
Global
	GlobalSection(SolutionConfigurationPlatforms) = preSolution
		Debug|Any CPU = Debug|Any CPU
		Release|Any CPU = Release|Any CPU
	EndGlobalSection
	GlobalSection(ProjectConfigurationPlatforms) = postSolution
		{1DB18ACE-12C4-4357-B9A2-20892ECB3100}.Debug|Any CPU.ActiveCfg = Debug|Any CPU
		{1DB18ACE-12C4-4357-B9A2-20892ECB3100}.Release|Any CPU.ActiveCfg = Release|Any CPU
		{551E2CAD-7669-4A75-B4A1-E603BE94311A}.Debug|Any CPU.ActiveCfg = Debug|Any CPU
		{551E2CAD-7669-4A75-B4A1-E603BE94311A}.Release|Any CPU.ActiveCfg = Release|Any CPU
		{7061822A-8C33-4418-AC0A-0C85E5314A94}.Debug|Any CPU.ActiveCfg = Debug|Any CPU
		{7061822A-8C33-4418-AC0A-0C85E5314A94}.Release|Any CPU.ActiveCfg = Release|Any CPU
		{98CCAD50-C26A-4CA2-825B-42076D37FA3E}.Debug|Any CPU.ActiveCfg = Debug|Any CPU
		{98CCAD50-C26A-4CA2-825B-42076D37FA3E}.Release|Any CPU.ActiveCfg = Release|Any CPU
		{97A5832F-5D43-47B0-A7B2-827D62AE61AF}.Debug|Any CPU.ActiveCfg = Debug|Any CPU
		{97A5832F-5D43-47B0-A7B2-827D62AE61AF}.Release|Any CPU.ActiveCfg = Release|Any CPU
		{B303E157-0242-412B-AE01-14F1EAB5C773}.Debug|Any CPU.ActiveCfg = Debug|Any CPU
		{B303E157-0242-412B-AE01-14F1EAB5C773}.Release|Any CPU.ActiveCfg = Release|Any CPU
	EndGlobalSection
	GlobalSection(SolutionProperties) = preSolution
		HideSolutionNode = FALSE
	EndGlobalSection
	GlobalSection(ExtensibilityGlobals) = postSolution
		SolutionGuid = {02925AE0-B367-4B9B-ABA2-FD8BBB9E7B62}
	EndGlobalSection
EndGlobal
